
Microsoft Visual Studio Solution File, Format Version 12.00
# Visual Studio 2012
Project("{FAE04EC0-301F-11D3-BF4B-00C04F79EFBC}") = "Question1", "Question1\Question1.csproj", "{033F0F2B-04C9-4F9A-BDF5-3596EC1F6D79}"
EndProject
Project("{FAE04EC0-301F-11D3-BF4B-00C04F79EFBC}") = "Question1.AnalysisModule", "Question1.AnalysisModule\Question1.AnalysisModule.csproj", "{1DB06153-AD31-476F-8385-21359F21E848}"
EndProject
Global
	GlobalSection(SolutionConfigurationPlatforms) = preSolution
		Debug|Any CPU = Debug|Any CPU
		Release|Any CPU = Release|Any CPU
	EndGlobalSection
	GlobalSection(ProjectConfigurationPlatforms) = postSolution
		{033F0F2B-04C9-4F9A-BDF5-3596EC1F6D79}.Debug|Any CPU.ActiveCfg = Debug|Any CPU
		{033F0F2B-04C9-4F9A-BDF5-3596EC1F6D79}.Debug|Any CPU.Build.0 = Debug|Any CPU
		{033F0F2B-04C9-4F9A-BDF5-3596EC1F6D79}.Release|Any CPU.ActiveCfg = Release|Any CPU
		{033F0F2B-04C9-4F9A-BDF5-3596EC1F6D79}.Release|Any CPU.Build.0 = Release|Any CPU
		{1DB06153-AD31-476F-8385-21359F21E848}.Debug|Any CPU.ActiveCfg = Debug|Any CPU
		{1DB06153-AD31-476F-8385-21359F21E848}.Debug|Any CPU.Build.0 = Debug|Any CPU
		{1DB06153-AD31-476F-8385-21359F21E848}.Release|Any CPU.ActiveCfg = Release|Any CPU
		{1DB06153-AD31-476F-8385-21359F21E848}.Release|Any CPU.Build.0 = Release|Any CPU
	EndGlobalSection
	GlobalSection(SolutionProperties) = preSolution
		HideSolutionNode = FALSE
	EndGlobalSection
EndGlobal
